
Microsoft Visual Studio Solution File, Format Version 12.00
# Visual Studio Version 17
VisualStudioVersion = 17.3.32929.385
MinimumVisualStudioVersion = 10.0.40219.1
Project("{FAE04EC0-301F-11D3-BF4B-00C04F79EFBC}") = "WPF_PR17_restaurant_Balashova", "WPF_PR17_restaurant_Balashova.csproj", "{8D0BECF2-E811-4C29-8C7D-360338113BF8}"
EndProject
Global
	GlobalSection(SolutionConfigurationPlatforms) = preSolution
		Debug|Any CPU = Debug|Any CPU
		Release|Any CPU = Release|Any CPU
	EndGlobalSection
	GlobalSection(ProjectConfigurationPlatforms) = postSolution
		{8D0BECF2-E811-4C29-8C7D-360338113BF8}.Debug|Any CPU.ActiveCfg = Debug|Any CPU
		{8D0BECF2-E811-4C29-8C7D-360338113BF8}.Debug|Any CPU.Build.0 = Debug|Any CPU
		{8D0BECF2-E811-4C29-8C7D-360338113BF8}.Release|Any CPU.ActiveCfg = Release|Any CPU
		{8D0BECF2-E811-4C29-8C7D-360338113BF8}.Release|Any CPU.Build.0 = Release|Any CPU
	EndGlobalSection
	GlobalSection(SolutionProperties) = preSolution
		HideSolutionNode = FALSE
	EndGlobalSection
	GlobalSection(ExtensibilityGlobals) = postSolution
		SolutionGuid = {82D44A09-8AC0-4278-A9CB-23C81DCC9CCA}
	EndGlobalSection
EndGlobal
